
Microsoft Visual Studio Solution File, Format Version 12.00
# Visual Studio Version 17
VisualStudioVersion = 17.0.31710.8
MinimumVisualStudioVersion = 10.0.40219.1
Project("{2150E333-8FDC-42A3-9474-1A3956D46DE8}") = "Solution Items", "Solution Items", "{8A726E46-C613-42CB-BC6F-B7FE80F487D9}"
	ProjectSection(SolutionItems) = preProject
		.editorconfig = .editorconfig
	EndProjectSection
EndProject
Project("{2150E333-8FDC-42A3-9474-1A3956D46DE8}") = "Unit tests", "unittests", "{CE4BF96D-E795-49EC-BB36-EDCC7E542685}"
EndProject
Project("{FAE04EC0-301F-11D3-BF4B-00C04F79EFBC}") = "Basic_tests", "unittests\Basic_tests\Basic_tests.csproj", "{6F07C15E-B93E-42A9-9E34-6A6EB0CD624D}"
EndProject
Project("{FAE04EC0-301F-11D3-BF4B-00C04F79EFBC}") = "TestCommon", "unittests\TestCommon\TestCommon.csproj", "{FCA0770D-4AB6-4B92-B725-D27A483A2179}"
EndProject
Project("{FAE04EC0-301F-11D3-BF4B-00C04F79EFBC}") = "MariaDB", "unittests\MariaDB\MariaDB.csproj", "{23FF1FBA-3B38-44B5-A7E1-CC151AF64985}"
EndProject
Project("{FAE04EC0-301F-11D3-BF4B-00C04F79EFBC}") = "Oracle", "unittests\Oracle\Oracle.csproj", "{DCC2A9BD-A91D-4DC8-9323-AFE97CE820B1}"
EndProject
Project("{FAE04EC0-301F-11D3-BF4B-00C04F79EFBC}") = "PostgreSQL", "unittests\PostgreSQL\PostgreSQL.csproj", "{06509ECC-2889-4CDC-868E-E1FD3B386C25}"
EndProject
Project("{FAE04EC0-301F-11D3-BF4B-00C04F79EFBC}") = "Sqlite", "unittests\Sqlite\Sqlite.csproj", "{98280060-F5C3-447C-AE15-8B23D3AF7F86}"
EndProject
Project("{FAE04EC0-301F-11D3-BF4B-00C04F79EFBC}") = "SqlServer", "unittests\SqlServer\SqlServer.csproj", "{C96C6F44-EAFA-47C9-A134-F6C7A14F1F16}"
EndProject
Project("{FAE04EC0-301F-11D3-BF4B-00C04F79EFBC}") = "SqlServerCaseSensitive", "unittests\SqlServerCaseSensitive\SqlServerCaseSensitive.csproj", "{1947C59A-495F-4AA8-913A-1F17A69670A8}"
EndProject
Project("{2150E333-8FDC-42A3-9474-1A3956D46DE8}") = "src", "src", "{34C2458F-1244-4AF5-B5B5-B349CAEB17A5}"
EndProject
Project("{FAE04EC0-301F-11D3-BF4B-00C04F79EFBC}") = "grate.mariadb", "src\grate.mariadb\grate.mariadb.csproj", "{366FADB0-D826-4670-A327-851EC02FA9AF}"
EndProject
Project("{FAE04EC0-301F-11D3-BF4B-00C04F79EFBC}") = "grate.oracle", "src\grate.oracle\grate.oracle.csproj", "{601732DE-FB2C-40C1-AFA7-016FDB93802A}"
EndProject
Project("{FAE04EC0-301F-11D3-BF4B-00C04F79EFBC}") = "grate.postgresql", "src\grate.postgresql\grate.postgresql.csproj", "{4AC12E80-9715-482C-9C9E-0DC47E2F3622}"
EndProject
Project("{FAE04EC0-301F-11D3-BF4B-00C04F79EFBC}") = "grate.sqlite", "src\grate.sqlite\grate.sqlite.csproj", "{ABB221E5-6318-40CF-8408-1AEF786F6C62}"
EndProject
Project("{FAE04EC0-301F-11D3-BF4B-00C04F79EFBC}") = "grate.sqlserver", "src\grate.sqlserver\grate.sqlserver.csproj", "{69DE6B9D-F937-4AF4-A75E-40F5507B4C83}"
EndProject
Project("{FAE04EC0-301F-11D3-BF4B-00C04F79EFBC}") = "grate.core", "src\grate.core\grate.core.csproj", "{3BAF5373-6009-405B-AC9D-C8FFFB263E6B}"
EndProject
Project("{FAE04EC0-301F-11D3-BF4B-00C04F79EFBC}") = "grate", "src\grate\grate.csproj", "{9D3377C2-1E3C-40C9-A5F1-DF41DFDFDD9D}"
EndProject
Global
	GlobalSection(SolutionConfigurationPlatforms) = preSolution
		Debug|Any CPU = Debug|Any CPU
		Debug|x64 = Debug|x64
		Debug|x86 = Debug|x86
		Release|Any CPU = Release|Any CPU
		Release|x64 = Release|x64
		Release|x86 = Release|x86
	EndGlobalSection
	GlobalSection(ProjectConfigurationPlatforms) = postSolution
		{6F07C15E-B93E-42A9-9E34-6A6EB0CD624D}.Debug|Any CPU.ActiveCfg = Debug|Any CPU
		{6F07C15E-B93E-42A9-9E34-6A6EB0CD624D}.Debug|Any CPU.Build.0 = Debug|Any CPU
		{6F07C15E-B93E-42A9-9E34-6A6EB0CD624D}.Debug|x64.ActiveCfg = Debug|Any CPU
		{6F07C15E-B93E-42A9-9E34-6A6EB0CD624D}.Debug|x64.Build.0 = Debug|Any CPU
		{6F07C15E-B93E-42A9-9E34-6A6EB0CD624D}.Debug|x86.ActiveCfg = Debug|Any CPU
		{6F07C15E-B93E-42A9-9E34-6A6EB0CD624D}.Debug|x86.Build.0 = Debug|Any CPU
		{6F07C15E-B93E-42A9-9E34-6A6EB0CD624D}.Release|Any CPU.ActiveCfg = Release|Any CPU
		{6F07C15E-B93E-42A9-9E34-6A6EB0CD624D}.Release|Any CPU.Build.0 = Release|Any CPU
		{6F07C15E-B93E-42A9-9E34-6A6EB0CD624D}.Release|x64.ActiveCfg = Release|Any CPU
		{6F07C15E-B93E-42A9-9E34-6A6EB0CD624D}.Release|x64.Build.0 = Release|Any CPU
		{6F07C15E-B93E-42A9-9E34-6A6EB0CD624D}.Release|x86.ActiveCfg = Release|Any CPU
		{6F07C15E-B93E-42A9-9E34-6A6EB0CD624D}.Release|x86.Build.0 = Release|Any CPU
		{FCA0770D-4AB6-4B92-B725-D27A483A2179}.Debug|Any CPU.ActiveCfg = Debug|Any CPU
		{FCA0770D-4AB6-4B92-B725-D27A483A2179}.Debug|Any CPU.Build.0 = Debug|Any CPU
		{FCA0770D-4AB6-4B92-B725-D27A483A2179}.Debug|x64.ActiveCfg = Debug|Any CPU
		{FCA0770D-4AB6-4B92-B725-D27A483A2179}.Debug|x64.Build.0 = Debug|Any CPU
		{FCA0770D-4AB6-4B92-B725-D27A483A2179}.Debug|x86.ActiveCfg = Debug|Any CPU
		{FCA0770D-4AB6-4B92-B725-D27A483A2179}.Debug|x86.Build.0 = Debug|Any CPU
		{FCA0770D-4AB6-4B92-B725-D27A483A2179}.Release|Any CPU.ActiveCfg = Release|Any CPU
		{FCA0770D-4AB6-4B92-B725-D27A483A2179}.Release|Any CPU.Build.0 = Release|Any CPU
		{FCA0770D-4AB6-4B92-B725-D27A483A2179}.Release|x64.ActiveCfg = Release|Any CPU
		{FCA0770D-4AB6-4B92-B725-D27A483A2179}.Release|x64.Build.0 = Release|Any CPU
		{FCA0770D-4AB6-4B92-B725-D27A483A2179}.Release|x86.ActiveCfg = Release|Any CPU
		{FCA0770D-4AB6-4B92-B725-D27A483A2179}.Release|x86.Build.0 = Release|Any CPU
		{23FF1FBA-3B38-44B5-A7E1-CC151AF64985}.Debug|Any CPU.ActiveCfg = Debug|Any CPU
		{23FF1FBA-3B38-44B5-A7E1-CC151AF64985}.Debug|Any CPU.Build.0 = Debug|Any CPU
		{23FF1FBA-3B38-44B5-A7E1-CC151AF64985}.Debug|x64.ActiveCfg = Debug|Any CPU
		{23FF1FBA-3B38-44B5-A7E1-CC151AF64985}.Debug|x64.Build.0 = Debug|Any CPU
		{23FF1FBA-3B38-44B5-A7E1-CC151AF64985}.Debug|x86.ActiveCfg = Debug|Any CPU
		{23FF1FBA-3B38-44B5-A7E1-CC151AF64985}.Debug|x86.Build.0 = Debug|Any CPU
		{23FF1FBA-3B38-44B5-A7E1-CC151AF64985}.Release|Any CPU.ActiveCfg = Release|Any CPU
		{23FF1FBA-3B38-44B5-A7E1-CC151AF64985}.Release|Any CPU.Build.0 = Release|Any CPU
		{23FF1FBA-3B38-44B5-A7E1-CC151AF64985}.Release|x64.ActiveCfg = Release|Any CPU
		{23FF1FBA-3B38-44B5-A7E1-CC151AF64985}.Release|x64.Build.0 = Release|Any CPU
		{23FF1FBA-3B38-44B5-A7E1-CC151AF64985}.Release|x86.ActiveCfg = Release|Any CPU
		{23FF1FBA-3B38-44B5-A7E1-CC151AF64985}.Release|x86.Build.0 = Release|Any CPU
		{DCC2A9BD-A91D-4DC8-9323-AFE97CE820B1}.Debug|Any CPU.ActiveCfg = Debug|Any CPU
		{DCC2A9BD-A91D-4DC8-9323-AFE97CE820B1}.Debug|Any CPU.Build.0 = Debug|Any CPU
		{DCC2A9BD-A91D-4DC8-9323-AFE97CE820B1}.Debug|x64.ActiveCfg = Debug|Any CPU
		{DCC2A9BD-A91D-4DC8-9323-AFE97CE820B1}.Debug|x64.Build.0 = Debug|Any CPU
		{DCC2A9BD-A91D-4DC8-9323-AFE97CE820B1}.Debug|x86.ActiveCfg = Debug|Any CPU
		{DCC2A9BD-A91D-4DC8-9323-AFE97CE820B1}.Debug|x86.Build.0 = Debug|Any CPU
		{DCC2A9BD-A91D-4DC8-9323-AFE97CE820B1}.Release|Any CPU.ActiveCfg = Release|Any CPU
		{DCC2A9BD-A91D-4DC8-9323-AFE97CE820B1}.Release|Any CPU.Build.0 = Release|Any CPU
		{DCC2A9BD-A91D-4DC8-9323-AFE97CE820B1}.Release|x64.ActiveCfg = Release|Any CPU
		{DCC2A9BD-A91D-4DC8-9323-AFE97CE820B1}.Release|x64.Build.0 = Release|Any CPU
		{DCC2A9BD-A91D-4DC8-9323-AFE97CE820B1}.Release|x86.ActiveCfg = Release|Any CPU
		{DCC2A9BD-A91D-4DC8-9323-AFE97CE820B1}.Release|x86.Build.0 = Release|Any CPU
		{06509ECC-2889-4CDC-868E-E1FD3B386C25}.Debug|Any CPU.ActiveCfg = Debug|Any CPU
		{06509ECC-2889-4CDC-868E-E1FD3B386C25}.Debug|Any CPU.Build.0 = Debug|Any CPU
		{06509ECC-2889-4CDC-868E-E1FD3B386C25}.Debug|x64.ActiveCfg = Debug|Any CPU
		{06509ECC-2889-4CDC-868E-E1FD3B386C25}.Debug|x64.Build.0 = Debug|Any CPU
		{06509ECC-2889-4CDC-868E-E1FD3B386C25}.Debug|x86.ActiveCfg = Debug|Any CPU
		{06509ECC-2889-4CDC-868E-E1FD3B386C25}.Debug|x86.Build.0 = Debug|Any CPU
		{06509ECC-2889-4CDC-868E-E1FD3B386C25}.Release|Any CPU.ActiveCfg = Release|Any CPU
		{06509ECC-2889-4CDC-868E-E1FD3B386C25}.Release|Any CPU.Build.0 = Release|Any CPU
		{06509ECC-2889-4CDC-868E-E1FD3B386C25}.Release|x64.ActiveCfg = Release|Any CPU
		{06509ECC-2889-4CDC-868E-E1FD3B386C25}.Release|x64.Build.0 = Release|Any CPU
		{06509ECC-2889-4CDC-868E-E1FD3B386C25}.Release|x86.ActiveCfg = Release|Any CPU
		{06509ECC-2889-4CDC-868E-E1FD3B386C25}.Release|x86.Build.0 = Release|Any CPU
		{98280060-F5C3-447C-AE15-8B23D3AF7F86}.Debug|Any CPU.ActiveCfg = Debug|Any CPU
		{98280060-F5C3-447C-AE15-8B23D3AF7F86}.Debug|Any CPU.Build.0 = Debug|Any CPU
		{98280060-F5C3-447C-AE15-8B23D3AF7F86}.Debug|x64.ActiveCfg = Debug|Any CPU
		{98280060-F5C3-447C-AE15-8B23D3AF7F86}.Debug|x64.Build.0 = Debug|Any CPU
		{98280060-F5C3-447C-AE15-8B23D3AF7F86}.Debug|x86.ActiveCfg = Debug|Any CPU
		{98280060-F5C3-447C-AE15-8B23D3AF7F86}.Debug|x86.Build.0 = Debug|Any CPU
		{98280060-F5C3-447C-AE15-8B23D3AF7F86}.Release|Any CPU.ActiveCfg = Release|Any CPU
		{98280060-F5C3-447C-AE15-8B23D3AF7F86}.Release|Any CPU.Build.0 = Release|Any CPU
		{98280060-F5C3-447C-AE15-8B23D3AF7F86}.Release|x64.ActiveCfg = Release|Any CPU
		{98280060-F5C3-447C-AE15-8B23D3AF7F86}.Release|x64.Build.0 = Release|Any CPU
		{98280060-F5C3-447C-AE15-8B23D3AF7F86}.Release|x86.ActiveCfg = Release|Any CPU
		{98280060-F5C3-447C-AE15-8B23D3AF7F86}.Release|x86.Build.0 = Release|Any CPU
		{C96C6F44-EAFA-47C9-A134-F6C7A14F1F16}.Debug|Any CPU.ActiveCfg = Debug|Any CPU
		{C96C6F44-EAFA-47C9-A134-F6C7A14F1F16}.Debug|Any CPU.Build.0 = Debug|Any CPU
		{C96C6F44-EAFA-47C9-A134-F6C7A14F1F16}.Debug|x64.ActiveCfg = Debug|Any CPU
		{C96C6F44-EAFA-47C9-A134-F6C7A14F1F16}.Debug|x64.Build.0 = Debug|Any CPU
		{C96C6F44-EAFA-47C9-A134-F6C7A14F1F16}.Debug|x86.ActiveCfg = Debug|Any CPU
		{C96C6F44-EAFA-47C9-A134-F6C7A14F1F16}.Debug|x86.Build.0 = Debug|Any CPU
		{C96C6F44-EAFA-47C9-A134-F6C7A14F1F16}.Release|Any CPU.ActiveCfg = Release|Any CPU
		{C96C6F44-EAFA-47C9-A134-F6C7A14F1F16}.Release|Any CPU.Build.0 = Release|Any CPU
		{C96C6F44-EAFA-47C9-A134-F6C7A14F1F16}.Release|x64.ActiveCfg = Release|Any CPU
		{C96C6F44-EAFA-47C9-A134-F6C7A14F1F16}.Release|x64.Build.0 = Release|Any CPU
		{C96C6F44-EAFA-47C9-A134-F6C7A14F1F16}.Release|x86.ActiveCfg = Release|Any CPU
		{C96C6F44-EAFA-47C9-A134-F6C7A14F1F16}.Release|x86.Build.0 = Release|Any CPU
		{1947C59A-495F-4AA8-913A-1F17A69670A8}.Debug|Any CPU.ActiveCfg = Debug|Any CPU
		{1947C59A-495F-4AA8-913A-1F17A69670A8}.Debug|Any CPU.Build.0 = Debug|Any CPU
		{1947C59A-495F-4AA8-913A-1F17A69670A8}.Debug|x64.ActiveCfg = Debug|Any CPU
		{1947C59A-495F-4AA8-913A-1F17A69670A8}.Debug|x64.Build.0 = Debug|Any CPU
		{1947C59A-495F-4AA8-913A-1F17A69670A8}.Debug|x86.ActiveCfg = Debug|Any CPU
		{1947C59A-495F-4AA8-913A-1F17A69670A8}.Debug|x86.Build.0 = Debug|Any CPU
		{1947C59A-495F-4AA8-913A-1F17A69670A8}.Release|Any CPU.ActiveCfg = Release|Any CPU
		{1947C59A-495F-4AA8-913A-1F17A69670A8}.Release|Any CPU.Build.0 = Release|Any CPU
		{1947C59A-495F-4AA8-913A-1F17A69670A8}.Release|x64.ActiveCfg = Release|Any CPU
		{1947C59A-495F-4AA8-913A-1F17A69670A8}.Release|x64.Build.0 = Release|Any CPU
		{1947C59A-495F-4AA8-913A-1F17A69670A8}.Release|x86.ActiveCfg = Release|Any CPU
		{1947C59A-495F-4AA8-913A-1F17A69670A8}.Release|x86.Build.0 = Release|Any CPU
		{366FADB0-D826-4670-A327-851EC02FA9AF}.Debug|Any CPU.ActiveCfg = Debug|Any CPU
		{366FADB0-D826-4670-A327-851EC02FA9AF}.Debug|Any CPU.Build.0 = Debug|Any CPU
		{366FADB0-D826-4670-A327-851EC02FA9AF}.Debug|x64.ActiveCfg = Debug|Any CPU
		{366FADB0-D826-4670-A327-851EC02FA9AF}.Debug|x64.Build.0 = Debug|Any CPU
		{366FADB0-D826-4670-A327-851EC02FA9AF}.Debug|x86.ActiveCfg = Debug|Any CPU
		{366FADB0-D826-4670-A327-851EC02FA9AF}.Debug|x86.Build.0 = Debug|Any CPU
		{366FADB0-D826-4670-A327-851EC02FA9AF}.Release|Any CPU.ActiveCfg = Release|Any CPU
		{366FADB0-D826-4670-A327-851EC02FA9AF}.Release|Any CPU.Build.0 = Release|Any CPU
		{366FADB0-D826-4670-A327-851EC02FA9AF}.Release|x64.ActiveCfg = Release|Any CPU
		{366FADB0-D826-4670-A327-851EC02FA9AF}.Release|x64.Build.0 = Release|Any CPU
		{366FADB0-D826-4670-A327-851EC02FA9AF}.Release|x86.ActiveCfg = Release|Any CPU
		{366FADB0-D826-4670-A327-851EC02FA9AF}.Release|x86.Build.0 = Release|Any CPU
		{601732DE-FB2C-40C1-AFA7-016FDB93802A}.Debug|Any CPU.ActiveCfg = Debug|Any CPU
		{601732DE-FB2C-40C1-AFA7-016FDB93802A}.Debug|Any CPU.Build.0 = Debug|Any CPU
		{601732DE-FB2C-40C1-AFA7-016FDB93802A}.Debug|x64.ActiveCfg = Debug|Any CPU
		{601732DE-FB2C-40C1-AFA7-016FDB93802A}.Debug|x64.Build.0 = Debug|Any CPU
		{601732DE-FB2C-40C1-AFA7-016FDB93802A}.Debug|x86.ActiveCfg = Debug|Any CPU
		{601732DE-FB2C-40C1-AFA7-016FDB93802A}.Debug|x86.Build.0 = Debug|Any CPU
		{601732DE-FB2C-40C1-AFA7-016FDB93802A}.Release|Any CPU.ActiveCfg = Release|Any CPU
		{601732DE-FB2C-40C1-AFA7-016FDB93802A}.Release|Any CPU.Build.0 = Release|Any CPU
		{601732DE-FB2C-40C1-AFA7-016FDB93802A}.Release|x64.ActiveCfg = Release|Any CPU
		{601732DE-FB2C-40C1-AFA7-016FDB93802A}.Release|x64.Build.0 = Release|Any CPU
		{601732DE-FB2C-40C1-AFA7-016FDB93802A}.Release|x86.ActiveCfg = Release|Any CPU
		{601732DE-FB2C-40C1-AFA7-016FDB93802A}.Release|x86.Build.0 = Release|Any CPU
		{4AC12E80-9715-482C-9C9E-0DC47E2F3622}.Debug|Any CPU.ActiveCfg = Debug|Any CPU
		{4AC12E80-9715-482C-9C9E-0DC47E2F3622}.Debug|Any CPU.Build.0 = Debug|Any CPU
		{4AC12E80-9715-482C-9C9E-0DC47E2F3622}.Debug|x64.ActiveCfg = Debug|Any CPU
		{4AC12E80-9715-482C-9C9E-0DC47E2F3622}.Debug|x64.Build.0 = Debug|Any CPU
		{4AC12E80-9715-482C-9C9E-0DC47E2F3622}.Debug|x86.ActiveCfg = Debug|Any CPU
		{4AC12E80-9715-482C-9C9E-0DC47E2F3622}.Debug|x86.Build.0 = Debug|Any CPU
		{4AC12E80-9715-482C-9C9E-0DC47E2F3622}.Release|Any CPU.ActiveCfg = Release|Any CPU
		{4AC12E80-9715-482C-9C9E-0DC47E2F3622}.Release|Any CPU.Build.0 = Release|Any CPU
		{4AC12E80-9715-482C-9C9E-0DC47E2F3622}.Release|x64.ActiveCfg = Release|Any CPU
		{4AC12E80-9715-482C-9C9E-0DC47E2F3622}.Release|x64.Build.0 = Release|Any CPU
		{4AC12E80-9715-482C-9C9E-0DC47E2F3622}.Release|x86.ActiveCfg = Release|Any CPU
		{4AC12E80-9715-482C-9C9E-0DC47E2F3622}.Release|x86.Build.0 = Release|Any CPU
		{ABB221E5-6318-40CF-8408-1AEF786F6C62}.Debug|Any CPU.ActiveCfg = Debug|Any CPU
		{ABB221E5-6318-40CF-8408-1AEF786F6C62}.Debug|Any CPU.Build.0 = Debug|Any CPU
		{ABB221E5-6318-40CF-8408-1AEF786F6C62}.Debug|x64.ActiveCfg = Debug|Any CPU
		{ABB221E5-6318-40CF-8408-1AEF786F6C62}.Debug|x64.Build.0 = Debug|Any CPU
		{ABB221E5-6318-40CF-8408-1AEF786F6C62}.Debug|x86.ActiveCfg = Debug|Any CPU
		{ABB221E5-6318-40CF-8408-1AEF786F6C62}.Debug|x86.Build.0 = Debug|Any CPU
		{ABB221E5-6318-40CF-8408-1AEF786F6C62}.Release|Any CPU.ActiveCfg = Release|Any CPU
		{ABB221E5-6318-40CF-8408-1AEF786F6C62}.Release|Any CPU.Build.0 = Release|Any CPU
		{ABB221E5-6318-40CF-8408-1AEF786F6C62}.Release|x64.ActiveCfg = Release|Any CPU
		{ABB221E5-6318-40CF-8408-1AEF786F6C62}.Release|x64.Build.0 = Release|Any CPU
		{ABB221E5-6318-40CF-8408-1AEF786F6C62}.Release|x86.ActiveCfg = Release|Any CPU
		{ABB221E5-6318-40CF-8408-1AEF786F6C62}.Release|x86.Build.0 = Release|Any CPU
		{69DE6B9D-F937-4AF4-A75E-40F5507B4C83}.Debug|Any CPU.ActiveCfg = Debug|Any CPU
		{69DE6B9D-F937-4AF4-A75E-40F5507B4C83}.Debug|Any CPU.Build.0 = Debug|Any CPU
		{69DE6B9D-F937-4AF4-A75E-40F5507B4C83}.Debug|x64.ActiveCfg = Debug|Any CPU
		{69DE6B9D-F937-4AF4-A75E-40F5507B4C83}.Debug|x64.Build.0 = Debug|Any CPU
		{69DE6B9D-F937-4AF4-A75E-40F5507B4C83}.Debug|x86.ActiveCfg = Debug|Any CPU
		{69DE6B9D-F937-4AF4-A75E-40F5507B4C83}.Debug|x86.Build.0 = Debug|Any CPU
		{69DE6B9D-F937-4AF4-A75E-40F5507B4C83}.Release|Any CPU.ActiveCfg = Release|Any CPU
		{69DE6B9D-F937-4AF4-A75E-40F5507B4C83}.Release|Any CPU.Build.0 = Release|Any CPU
		{69DE6B9D-F937-4AF4-A75E-40F5507B4C83}.Release|x64.ActiveCfg = Release|Any CPU
		{69DE6B9D-F937-4AF4-A75E-40F5507B4C83}.Release|x64.Build.0 = Release|Any CPU
		{69DE6B9D-F937-4AF4-A75E-40F5507B4C83}.Release|x86.ActiveCfg = Release|Any CPU
		{69DE6B9D-F937-4AF4-A75E-40F5507B4C83}.Release|x86.Build.0 = Release|Any CPU
		{3BAF5373-6009-405B-AC9D-C8FFFB263E6B}.Debug|Any CPU.ActiveCfg = Debug|Any CPU
		{3BAF5373-6009-405B-AC9D-C8FFFB263E6B}.Debug|Any CPU.Build.0 = Debug|Any CPU
		{3BAF5373-6009-405B-AC9D-C8FFFB263E6B}.Debug|x64.ActiveCfg = Debug|Any CPU
		{3BAF5373-6009-405B-AC9D-C8FFFB263E6B}.Debug|x64.Build.0 = Debug|Any CPU
		{3BAF5373-6009-405B-AC9D-C8FFFB263E6B}.Debug|x86.ActiveCfg = Debug|Any CPU
		{3BAF5373-6009-405B-AC9D-C8FFFB263E6B}.Debug|x86.Build.0 = Debug|Any CPU
		{3BAF5373-6009-405B-AC9D-C8FFFB263E6B}.Release|Any CPU.ActiveCfg = Release|Any CPU
		{3BAF5373-6009-405B-AC9D-C8FFFB263E6B}.Release|Any CPU.Build.0 = Release|Any CPU
		{3BAF5373-6009-405B-AC9D-C8FFFB263E6B}.Release|x64.ActiveCfg = Release|Any CPU
		{3BAF5373-6009-405B-AC9D-C8FFFB263E6B}.Release|x64.Build.0 = Release|Any CPU
		{3BAF5373-6009-405B-AC9D-C8FFFB263E6B}.Release|x86.ActiveCfg = Release|Any CPU
		{3BAF5373-6009-405B-AC9D-C8FFFB263E6B}.Release|x86.Build.0 = Release|Any CPU
		{9D3377C2-1E3C-40C9-A5F1-DF41DFDFDD9D}.Debug|Any CPU.ActiveCfg = Debug|Any CPU
		{9D3377C2-1E3C-40C9-A5F1-DF41DFDFDD9D}.Debug|Any CPU.Build.0 = Debug|Any CPU
		{9D3377C2-1E3C-40C9-A5F1-DF41DFDFDD9D}.Debug|x64.ActiveCfg = Debug|Any CPU
		{9D3377C2-1E3C-40C9-A5F1-DF41DFDFDD9D}.Debug|x64.Build.0 = Debug|Any CPU
		{9D3377C2-1E3C-40C9-A5F1-DF41DFDFDD9D}.Debug|x86.ActiveCfg = Debug|Any CPU
		{9D3377C2-1E3C-40C9-A5F1-DF41DFDFDD9D}.Debug|x86.Build.0 = Debug|Any CPU
		{9D3377C2-1E3C-40C9-A5F1-DF41DFDFDD9D}.Release|Any CPU.ActiveCfg = Release|Any CPU
		{9D3377C2-1E3C-40C9-A5F1-DF41DFDFDD9D}.Release|Any CPU.Build.0 = Release|Any CPU
		{9D3377C2-1E3C-40C9-A5F1-DF41DFDFDD9D}.Release|x64.ActiveCfg = Release|Any CPU
		{9D3377C2-1E3C-40C9-A5F1-DF41DFDFDD9D}.Release|x64.Build.0 = Release|Any CPU
		{9D3377C2-1E3C-40C9-A5F1-DF41DFDFDD9D}.Release|x86.ActiveCfg = Release|Any CPU
		{9D3377C2-1E3C-40C9-A5F1-DF41DFDFDD9D}.Release|x86.Build.0 = Release|Any CPU
	EndGlobalSection
	GlobalSection(SolutionProperties) = preSolution
		HideSolutionNode = FALSE
	EndGlobalSection
	GlobalSection(ExtensibilityGlobals) = postSolution
		SolutionGuid = {873B09FF-3718-4A57-8547-5E9B9FACB622}
	EndGlobalSection
	GlobalSection(NestedProjects) = preSolution
		{6F07C15E-B93E-42A9-9E34-6A6EB0CD624D} = {CE4BF96D-E795-49EC-BB36-EDCC7E542685}
		{FCA0770D-4AB6-4B92-B725-D27A483A2179} = {CE4BF96D-E795-49EC-BB36-EDCC7E542685}
		{23FF1FBA-3B38-44B5-A7E1-CC151AF64985} = {CE4BF96D-E795-49EC-BB36-EDCC7E542685}
		{DCC2A9BD-A91D-4DC8-9323-AFE97CE820B1} = {CE4BF96D-E795-49EC-BB36-EDCC7E542685}
		{06509ECC-2889-4CDC-868E-E1FD3B386C25} = {CE4BF96D-E795-49EC-BB36-EDCC7E542685}
		{98280060-F5C3-447C-AE15-8B23D3AF7F86} = {CE4BF96D-E795-49EC-BB36-EDCC7E542685}
		{C96C6F44-EAFA-47C9-A134-F6C7A14F1F16} = {CE4BF96D-E795-49EC-BB36-EDCC7E542685}
		{1947C59A-495F-4AA8-913A-1F17A69670A8} = {CE4BF96D-E795-49EC-BB36-EDCC7E542685}
		{366FADB0-D826-4670-A327-851EC02FA9AF} = {34C2458F-1244-4AF5-B5B5-B349CAEB17A5}
		{601732DE-FB2C-40C1-AFA7-016FDB93802A} = {34C2458F-1244-4AF5-B5B5-B349CAEB17A5}
		{4AC12E80-9715-482C-9C9E-0DC47E2F3622} = {34C2458F-1244-4AF5-B5B5-B349CAEB17A5}
		{ABB221E5-6318-40CF-8408-1AEF786F6C62} = {34C2458F-1244-4AF5-B5B5-B349CAEB17A5}
		{69DE6B9D-F937-4AF4-A75E-40F5507B4C83} = {34C2458F-1244-4AF5-B5B5-B349CAEB17A5}
		{3BAF5373-6009-405B-AC9D-C8FFFB263E6B} = {34C2458F-1244-4AF5-B5B5-B349CAEB17A5}
		{9D3377C2-1E3C-40C9-A5F1-DF41DFDFDD9D} = {34C2458F-1244-4AF5-B5B5-B349CAEB17A5}
	EndGlobalSection
EndGlobal
