
Microsoft Visual Studio Solution File, Format Version 12.00
# Visual Studio Version 17
VisualStudioVersion = 17.5.002.0
MinimumVisualStudioVersion = 10.0.40219.1
Project("{9A19103F-16F7-4668-BE54-9A1E7A4F7556}") = "MySQL", "MySQL.csproj", "{B325643D-6FDD-4E98-81DA-79C1519A4E16}"
EndProject
Global
	GlobalSection(SolutionConfigurationPlatforms) = preSolution
		Debug|Any CPU = Debug|Any CPU
		Release|Any CPU = Release|Any CPU
	EndGlobalSection
	GlobalSection(ProjectConfigurationPlatforms) = postSolution
		{B325643D-6FDD-4E98-81DA-79C1519A4E16}.Debug|Any CPU.ActiveCfg = Debug|Any CPU
		{B325643D-6FDD-4E98-81DA-79C1519A4E16}.Debug|Any CPU.Build.0 = Debug|Any CPU
		{B325643D-6FDD-4E98-81DA-79C1519A4E16}.Release|Any CPU.ActiveCfg = Release|Any CPU
		{B325643D-6FDD-4E98-81DA-79C1519A4E16}.Release|Any CPU.Build.0 = Release|Any CPU
	EndGlobalSection
	GlobalSection(SolutionProperties) = preSolution
		HideSolutionNode = FALSE
	EndGlobalSection
	GlobalSection(ExtensibilityGlobals) = postSolution
		SolutionGuid = {0EE12E5C-69FD-4F09-B00B-5A88899DCEE5}
	EndGlobalSection
EndGlobal
